
Microsoft Visual Studio Solution File, Format Version 12.00
# Visual Studio 15
VisualStudioVersion = 15.0.28010.2019
MinimumVisualStudioVersion = 10.0.40219.1
Project("{FAE04EC0-301F-11D3-BF4B-00C04F79EFBC}") = "LimFTPClient", "LimFTPClient\LimFTPClient.csproj", "{0A22D067-AD6C-461A-A83E-D1CA3E23BC4C}"
EndProject
Global
	GlobalSection(SolutionConfigurationPlatforms) = preSolution
		Debug|Any CPU = Debug|Any CPU
		Release|Any CPU = Release|Any CPU
	EndGlobalSection
	GlobalSection(ProjectConfigurationPlatforms) = postSolution
		{0A22D067-AD6C-461A-A83E-D1CA3E23BC4C}.Debug|Any CPU.ActiveCfg = Debug|Any CPU
		{0A22D067-AD6C-461A-A83E-D1CA3E23BC4C}.Debug|Any CPU.Build.0 = Debug|Any CPU
		{0A22D067-AD6C-461A-A83E-D1CA3E23BC4C}.Release|Any CPU.ActiveCfg = Release|Any CPU
		{0A22D067-AD6C-461A-A83E-D1CA3E23BC4C}.Release|Any CPU.Build.0 = Release|Any CPU
	EndGlobalSection
	GlobalSection(SolutionProperties) = preSolution
		HideSolutionNode = FALSE
	EndGlobalSection
	GlobalSection(ExtensibilityGlobals) = postSolution
		SolutionGuid = {2A02BAB0-EB3A-4E5E-B9BE-6B3D34148C15}
	EndGlobalSection
EndGlobal
